{
  "name": "Proyecto Final",
  "lockfileVersion": 3,
  "requires": true,
  "packages": {
    "": {
      "dependencies": {
        "gojs": "^3.0.1"
      }
    },
    "node_modules/gojs": {
      "version": "3.0.1",
      "resolved": "https://registry.npmjs.org/gojs/-/gojs-3.0.1.tgz",
      "integrity": "sha512-t1xfnm/1m5OAQeoVIfsdwBKPApjzchTkImu74b6Uly3HLQpd66dEsQSrrzBIKKd1oDwAeQZ8gz0rMz0gXdRBnA=="
    }
  }
}
